// !$*UTF8*$!
{
	archiveVersion = 1;
	classes = {
	};
	objectVersion = 56;
	objects = {

/* Begin PBXBuildFile section */
		D104AAC52ABC40B400BF1777 /* UIView + Extension.swift in Sources */ = {isa = PBXBuildFile; fileRef = D104AAC42ABC40B400BF1777 /* UIView + Extension.swift */; };
		D104AAC82ABC487B00BF1777 /* ModuleBuilder.swift in Sources */ = {isa = PBXBuildFile; fileRef = D104AAC72ABC487B00BF1777 /* ModuleBuilder.swift */; };
		D104AACC2ABC946A00BF1777 /* DetailViewController.swift in Sources */ = {isa = PBXBuildFile; fileRef = D104AACB2ABC946A00BF1777 /* DetailViewController.swift */; };
		D104AACF2ABC948100BF1777 /* DetailPresenter.swift in Sources */ = {isa = PBXBuildFile; fileRef = D104AACE2ABC948100BF1777 /* DetailPresenter.swift */; };
		D1164C292ABB302500E62157 /* MainPresenter.swift in Sources */ = {isa = PBXBuildFile; fileRef = D1164C282ABB302500E62157 /* MainPresenter.swift */; };
		D129F0412ABAEF97001A3849 /* AppDelegate.swift in Sources */ = {isa = PBXBuildFile; fileRef = D129F0402ABAEF97001A3849 /* AppDelegate.swift */; };
		D129F0432ABAEF97001A3849 /* SceneDelegate.swift in Sources */ = {isa = PBXBuildFile; fileRef = D129F0422ABAEF97001A3849 /* SceneDelegate.swift */; };
		D129F0452ABAEF97001A3849 /* MainViewController.swift in Sources */ = {isa = PBXBuildFile; fileRef = D129F0442ABAEF97001A3849 /* MainViewController.swift */; };
		D129F04B2ABAEF97001A3849 /* Homework22.xcdatamodeld in Sources */ = {isa = PBXBuildFile; fileRef = D129F0492ABAEF97001A3849 /* Homework22.xcdatamodeld */; };
		D129F04D2ABAEF98001A3849 /* Assets.xcassets in Resources */ = {isa = PBXBuildFile; fileRef = D129F04C2ABAEF98001A3849 /* Assets.xcassets */; };
		D129F0502ABAEF98001A3849 /* LaunchScreen.storyboard in Resources */ = {isa = PBXBuildFile; fileRef = D129F04E2ABAEF98001A3849 /* LaunchScreen.storyboard */; };
		D15229D62AC1FABC00222B71 /* Router.swift in Sources */ = {isa = PBXBuildFile; fileRef = D15229D52AC1FABC00222B71 /* Router.swift */; };
		D1536ADA2AC1BC000007FE04 /* MainViewController + UITableViewDataSource.swift in Sources */ = {isa = PBXBuildFile; fileRef = D1536AD92AC1BC000007FE04 /* MainViewController + UITableViewDataSource.swift */; };
		D1536ADC2AC1BC3B0007FE04 /* MainViewController + UITableViewDelegate.swift in Sources */ = {isa = PBXBuildFile; fileRef = D1536ADB2AC1BC3B0007FE04 /* MainViewController + UITableViewDelegate.swift */; };
		D19177502AC07D5600784C73 /* CoreDataManager.swift in Sources */ = {isa = PBXBuildFile; fileRef = D191774F2AC07D5600784C73 /* CoreDataManager.swift */; };
		D19177542AC080DB00784C73 /* UserEntity+CoreDataClass.swift in Sources */ = {isa = PBXBuildFile; fileRef = D19177522AC080DB00784C73 /* UserEntity+CoreDataClass.swift */; };
		D19177552AC080DB00784C73 /* UserEntity+CoreDataProperties.swift in Sources */ = {isa = PBXBuildFile; fileRef = D19177532AC080DB00784C73 /* UserEntity+CoreDataProperties.swift */; };
/* End PBXBuildFile section */

/* Begin PBXFileReference section */
		D104AAC42ABC40B400BF1777 /* UIView + Extension.swift */ = {isa = PBXFileReference; lastKnownFileType = sourcecode.swift; path = "UIView + Extension.swift"; sourceTree = "<group>"; };
		D104AAC72ABC487B00BF1777 /* ModuleBuilder.swift */ = {isa = PBXFileReference; lastKnownFileType = sourcecode.swift; path = ModuleBuilder.swift; sourceTree = "<group>"; };
		D104AACB2ABC946A00BF1777 /* DetailViewController.swift */ = {isa = PBXFileReference; lastKnownFileType = sourcecode.swift; path = DetailViewController.swift; sourceTree = "<group>"; };
		D104AACE2ABC948100BF1777 /* DetailPresenter.swift */ = {isa = PBXFileReference; lastKnownFileType = sourcecode.swift; path = DetailPresenter.swift; sourceTree = "<group>"; };
		D1164C282ABB302500E62157 /* MainPresenter.swift */ = {isa = PBXFileReference; lastKnownFileType = sourcecode.swift; path = MainPresenter.swift; sourceTree = "<group>"; };
		D129F03D2ABAEF97001A3849 /* Homework22.app */ = {isa = PBXFileReference; explicitFileType = wrapper.application; includeInIndex = 0; path = Homework22.app; sourceTree = BUILT_PRODUCTS_DIR; };
		D129F0402ABAEF97001A3849 /* AppDelegate.swift */ = {isa = PBXFileReference; lastKnownFileType = sourcecode.swift; path = AppDelegate.swift; sourceTree = "<group>"; };
		D129F0422ABAEF97001A3849 /* SceneDelegate.swift */ = {isa = PBXFileReference; lastKnownFileType = sourcecode.swift; path = SceneDelegate.swift; sourceTree = "<group>"; };
		D129F0442ABAEF97001A3849 /* MainViewController.swift */ = {isa = PBXFileReference; lastKnownFileType = sourcecode.swift; path = MainViewController.swift; sourceTree = "<group>"; };
		D129F04A2ABAEF97001A3849 /* Homework22.xcdatamodel */ = {isa = PBXFileReference; lastKnownFileType = wrapper.xcdatamodel; path = Homework22.xcdatamodel; sourceTree = "<group>"; };
		D129F04C2ABAEF98001A3849 /* Assets.xcassets */ = {isa = PBXFileReference; lastKnownFileType = folder.assetcatalog; path = Assets.xcassets; sourceTree = "<group>"; };
		D129F04F2ABAEF98001A3849 /* Base */ = {isa = PBXFileReference; lastKnownFileType = file.storyboard; name = Base; path = Base.lproj/LaunchScreen.storyboard; sourceTree = "<group>"; };
		D129F0512ABAEF98001A3849 /* Info.plist */ = {isa = PBXFileReference; lastKnownFileType = text.plist.xml; path = Info.plist; sourceTree = "<group>"; };
		D15229D52AC1FABC00222B71 /* Router.swift */ = {isa = PBXFileReference; lastKnownFileType = sourcecode.swift; path = Router.swift; sourceTree = "<group>"; };
		D1536AD92AC1BC000007FE04 /* MainViewController + UITableViewDataSource.swift */ = {isa = PBXFileReference; lastKnownFileType = sourcecode.swift; path = "MainViewController + UITableViewDataSource.swift"; sourceTree = "<group>"; };
		D1536ADB2AC1BC3B0007FE04 /* MainViewController + UITableViewDelegate.swift */ = {isa = PBXFileReference; lastKnownFileType = sourcecode.swift; path = "MainViewController + UITableViewDelegate.swift"; sourceTree = "<group>"; };
		D191774F2AC07D5600784C73 /* CoreDataManager.swift */ = {isa = PBXFileReference; lastKnownFileType = sourcecode.swift; path = CoreDataManager.swift; sourceTree = "<group>"; };
		D19177522AC080DB00784C73 /* UserEntity+CoreDataClass.swift */ = {isa = PBXFileReference; lastKnownFileType = sourcecode.swift; path = "UserEntity+CoreDataClass.swift"; sourceTree = "<group>"; };
		D19177532AC080DB00784C73 /* UserEntity+CoreDataProperties.swift */ = {isa = PBXFileReference; lastKnownFileType = sourcecode.swift; path = "UserEntity+CoreDataProperties.swift"; sourceTree = "<group>"; };
/* End PBXFileReference section */

/* Begin PBXFrameworksBuildPhase section */
		D129F03A2ABAEF97001A3849 /* Frameworks */ = {
			isa = PBXFrameworksBuildPhase;
			buildActionMask = 2147483647;
			files = (
			);
			runOnlyForDeploymentPostprocessing = 0;
		};
/* End PBXFrameworksBuildPhase section */

/* Begin PBXGroup section */
		D104AAC62ABC40C100BF1777 /* Extension */ = {
			isa = PBXGroup;
			children = (
				D104AAC42ABC40B400BF1777 /* UIView + Extension.swift */,
				D1536ADD2AC1BC5F0007FE04 /* MainViewController */,
			);
			path = Extension;
			sourceTree = "<group>";
		};
		D104AAC92ABC487F00BF1777 /* Builder */ = {
			isa = PBXGroup;
			children = (
				D104AAC72ABC487B00BF1777 /* ModuleBuilder.swift */,
			);
			path = Builder;
			sourceTree = "<group>";
		};
		D104AACA2ABC944A00BF1777 /* DetailModule */ = {
			isa = PBXGroup;
			children = (
				D104AAD02ABC94A400BF1777 /* View */,
				D104AAD12ABC94B600BF1777 /* Presenter */,
			);
			path = DetailModule;
			sourceTree = "<group>";
		};
		D104AAD02ABC94A400BF1777 /* View */ = {
			isa = PBXGroup;
			children = (
				D104AACB2ABC946A00BF1777 /* DetailViewController.swift */,
			);
			path = View;
			sourceTree = "<group>";
		};
		D104AAD12ABC94B600BF1777 /* Presenter */ = {
			isa = PBXGroup;
			children = (
				D104AACE2ABC948100BF1777 /* DetailPresenter.swift */,
			);
			path = Presenter;
			sourceTree = "<group>";
		};
		D1164C202ABB2CAB00E62157 /* Resources */ = {
			isa = PBXGroup;
			children = (
				D1164C212ABB2D0700E62157 /* Storyboards */,
				D129F04C2ABAEF98001A3849 /* Assets.xcassets */,
				D129F0512ABAEF98001A3849 /* Info.plist */,
				D129F0492ABAEF97001A3849 /* Homework22.xcdatamodeld */,
			);
			path = Resources;
			sourceTree = "<group>";
		};
		D1164C212ABB2D0700E62157 /* Storyboards */ = {
			isa = PBXGroup;
			children = (
				D129F04E2ABAEF98001A3849 /* LaunchScreen.storyboard */,
			);
			path = Storyboards;
			sourceTree = "<group>";
		};
		D1164C222ABB2F9A00E62157 /* App */ = {
			isa = PBXGroup;
			children = (
				D129F0402ABAEF97001A3849 /* AppDelegate.swift */,
				D129F0422ABAEF97001A3849 /* SceneDelegate.swift */,
			);
			path = App;
			sourceTree = "<group>";
		};
		D1164C232ABB2FA800E62157 /* Sources */ = {
			isa = PBXGroup;
			children = (
				D1164C252ABB2FC600E62157 /* MainModule */,
				D104AACA2ABC944A00BF1777 /* DetailModule */,
				D104AAC92ABC487F00BF1777 /* Builder */,
				D19177562AC0814B00784C73 /* DataBaseModels */,
				D104AAC62ABC40C100BF1777 /* Extension */,
				D19177512AC07D5C00784C73 /* CoreDataManager */,
				D15229D72AC20C1600222B71 /* RouterModule */,
			);
			path = Sources;
			sourceTree = "<group>";
		};
		D1164C242ABB2FB500E62157 /* View */ = {
			isa = PBXGroup;
			children = (
				D129F0442ABAEF97001A3849 /* MainViewController.swift */,
			);
			path = View;
			sourceTree = "<group>";
		};
		D1164C252ABB2FC600E62157 /* MainModule */ = {
			isa = PBXGroup;
			children = (
				D1164C242ABB2FB500E62157 /* View */,
				D1164C2A2ABB302900E62157 /* Presenter */,
			);
			path = MainModule;
			sourceTree = "<group>";
		};
		D1164C2A2ABB302900E62157 /* Presenter */ = {
			isa = PBXGroup;
			children = (
				D1164C282ABB302500E62157 /* MainPresenter.swift */,
			);
			path = Presenter;
			sourceTree = "<group>";
		};
		D129F0342ABAEF97001A3849 = {
			isa = PBXGroup;
			children = (
				D129F03F2ABAEF97001A3849 /* Homework22 */,
				D129F03E2ABAEF97001A3849 /* Products */,
			);
			sourceTree = "<group>";
		};
		D129F03E2ABAEF97001A3849 /* Products */ = {
			isa = PBXGroup;
			children = (
				D129F03D2ABAEF97001A3849 /* Homework22.app */,
			);
			name = Products;
			sourceTree = "<group>";
		};
		D129F03F2ABAEF97001A3849 /* Homework22 */ = {
			isa = PBXGroup;
			children = (
				D1164C202ABB2CAB00E62157 /* Resources */,
				D1164C232ABB2FA800E62157 /* Sources */,
				D1164C222ABB2F9A00E62157 /* App */,
			);
			path = Homework22;
			sourceTree = "<group>";
		};
		D15229D72AC20C1600222B71 /* RouterModule */ = {
			isa = PBXGroup;
			children = (
				D15229D52AC1FABC00222B71 /* Router.swift */,
			);
			path = RouterModule;
			sourceTree = "<group>";
		};
		D1536ADD2AC1BC5F0007FE04 /* MainViewController */ = {
			isa = PBXGroup;
			children = (
				D1536AD92AC1BC000007FE04 /* MainViewController + UITableViewDataSource.swift */,
				D1536ADB2AC1BC3B0007FE04 /* MainViewController + UITableViewDelegate.swift */,
			);
			path = MainViewController;
			sourceTree = "<group>";
		};
		D19177512AC07D5C00784C73 /* CoreDataManager */ = {
			isa = PBXGroup;
			children = (
				D191774F2AC07D5600784C73 /* CoreDataManager.swift */,
			);
			path = CoreDataManager;
			sourceTree = "<group>";
		};
		D19177562AC0814B00784C73 /* DataBaseModels */ = {
			isa = PBXGroup;
			children = (
				D19177572AC0818A00784C73 /* UserEntity */,
			);
			path = DataBaseModels;
			sourceTree = "<group>";
		};
		D19177572AC0818A00784C73 /* UserEntity */ = {
			isa = PBXGroup;
			children = (
				D19177522AC080DB00784C73 /* UserEntity+CoreDataClass.swift */,
				D19177532AC080DB00784C73 /* UserEntity+CoreDataProperties.swift */,
			);
			path = UserEntity;
			sourceTree = "<group>";
		};
/* End PBXGroup section */

/* Begin PBXNativeTarget section */
		D129F03C2ABAEF97001A3849 /* Homework22 */ = {
			isa = PBXNativeTarget;
			buildConfigurationList = D129F0542ABAEF98001A3849 /* Build configuration list for PBXNativeTarget "Homework22" */;
			buildPhases = (
				D129F0392ABAEF97001A3849 /* Sources */,
				D129F03A2ABAEF97001A3849 /* Frameworks */,
				D129F03B2ABAEF97001A3849 /* Resources */,
			);
			buildRules = (
			);
			dependencies = (
			);
			name = Homework22;
			productName = Homework22;
			productReference = D129F03D2ABAEF97001A3849 /* Homework22.app */;
			productType = "com.apple.product-type.application";
		};
/* End PBXNativeTarget section */

/* Begin PBXProject section */
		D129F0352ABAEF97001A3849 /* Project object */ = {
			isa = PBXProject;
			attributes = {
				BuildIndependentTargetsInParallel = 1;
				LastSwiftUpdateCheck = 1430;
				LastUpgradeCheck = 1430;
				TargetAttributes = {
					D129F03C2ABAEF97001A3849 = {
						CreatedOnToolsVersion = 14.3.1;
					};
				};
			};
			buildConfigurationList = D129F0382ABAEF97001A3849 /* Build configuration list for PBXProject "Homework22" */;
			compatibilityVersion = "Xcode 14.0";
			developmentRegion = en;
			hasScannedForEncodings = 0;
			knownRegions = (
				en,
				Base,
			);
			mainGroup = D129F0342ABAEF97001A3849;
			productRefGroup = D129F03E2ABAEF97001A3849 /* Products */;
			projectDirPath = "";
			projectRoot = "";
			targets = (
				D129F03C2ABAEF97001A3849 /* Homework22 */,
			);
		};
/* End PBXProject section */

/* Begin PBXResourcesBuildPhase section */
		D129F03B2ABAEF97001A3849 /* Resources */ = {
			isa = PBXResourcesBuildPhase;
			buildActionMask = 2147483647;
			files = (
				D129F0502ABAEF98001A3849 /* LaunchScreen.storyboard in Resources */,
				D129F04D2ABAEF98001A3849 /* Assets.xcassets in Resources */,
			);
			runOnlyForDeploymentPostprocessing = 0;
		};
/* End PBXResourcesBuildPhase section */

/* Begin PBXSourcesBuildPhase section */
		D129F0392ABAEF97001A3849 /* Sources */ = {
			isa = PBXSourcesBuildPhase;
			buildActionMask = 2147483647;
			files = (
				D104AACC2ABC946A00BF1777 /* DetailViewController.swift in Sources */,
				D19177552AC080DB00784C73 /* UserEntity+CoreDataProperties.swift in Sources */,
				D19177542AC080DB00784C73 /* UserEntity+CoreDataClass.swift in Sources */,
				D1164C292ABB302500E62157 /* MainPresenter.swift in Sources */,
				D104AACF2ABC948100BF1777 /* DetailPresenter.swift in Sources */,
				D129F0452ABAEF97001A3849 /* MainViewController.swift in Sources */,
				D1536ADA2AC1BC000007FE04 /* MainViewController + UITableViewDataSource.swift in Sources */,
				D15229D62AC1FABC00222B71 /* Router.swift in Sources */,
				D104AAC82ABC487B00BF1777 /* ModuleBuilder.swift in Sources */,
				D129F0412ABAEF97001A3849 /* AppDelegate.swift in Sources */,
				D104AAC52ABC40B400BF1777 /* UIView + Extension.swift in Sources */,
				D1536ADC2AC1BC3B0007FE04 /* MainViewController + UITableViewDelegate.swift in Sources */,
				D129F0432ABAEF97001A3849 /* SceneDelegate.swift in Sources */,
				D129F04B2ABAEF97001A3849 /* Homework22.xcdatamodeld in Sources */,
				D19177502AC07D5600784C73 /* CoreDataManager.swift in Sources */,
			);
			runOnlyForDeploymentPostprocessing = 0;
		};
/* End PBXSourcesBuildPhase section */

/* Begin PBXVariantGroup section */
		D129F04E2ABAEF98001A3849 /* LaunchScreen.storyboard */ = {
			isa = PBXVariantGroup;
			children = (
				D129F04F2ABAEF98001A3849 /* Base */,
			);
			name = LaunchScreen.storyboard;
			sourceTree = "<group>";
		};
/* End PBXVariantGroup section */

/* Begin XCBuildConfiguration section */
		D129F0522ABAEF98001A3849 /* Debug */ = {
			isa = XCBuildConfiguration;
			buildSettings = {
				ALWAYS_SEARCH_USER_PATHS = NO;
				CLANG_ANALYZER_NONNULL = YES;
				CLANG_ANALYZER_NUMBER_OBJECT_CONVERSION = YES_AGGRESSIVE;
				CLANG_CXX_LANGUAGE_STANDARD = "gnu++20";
				CLANG_ENABLE_MODULES = YES;
				CLANG_ENABLE_OBJC_ARC = YES;
				CLANG_ENABLE_OBJC_WEAK = YES;
				CLANG_WARN_BLOCK_CAPTURE_AUTORELEASING = YES;
				CLANG_WARN_BOOL_CONVERSION = YES;
				CLANG_WARN_COMMA = YES;
				CLANG_WARN_CONSTANT_CONVERSION = YES;
				CLANG_WARN_DEPRECATED_OBJC_IMPLEMENTATIONS = YES;
				CLANG_WARN_DIRECT_OBJC_ISA_USAGE = YES_ERROR;
				CLANG_WARN_DOCUMENTATION_COMMENTS = YES;
				CLANG_WARN_EMPTY_BODY = YES;
				CLANG_WARN_ENUM_CONVERSION = YES;
				CLANG_WARN_INFINITE_RECURSION = YES;
				CLANG_WARN_INT_CONVERSION = YES;
				CLANG_WARN_NON_LITERAL_NULL_CONVERSION = YES;
				CLANG_WARN_OBJC_IMPLICIT_RETAIN_SELF = YES;
				CLANG_WARN_OBJC_LITERAL_CONVERSION = YES;
				CLANG_WARN_OBJC_ROOT_CLASS = YES_ERROR;
				CLANG_WARN_QUOTED_INCLUDE_IN_FRAMEWORK_HEADER = YES;
				CLANG_WARN_RANGE_LOOP_ANALYSIS = YES;
				CLANG_WARN_STRICT_PROTOTYPES = YES;
				CLANG_WARN_SUSPICIOUS_MOVE = YES;
				CLANG_WARN_UNGUARDED_AVAILABILITY = YES_AGGRESSIVE;
				CLANG_WARN_UNREACHABLE_CODE = YES;
				CLANG_WARN__DUPLICATE_METHOD_MATCH = YES;
				COPY_PHASE_STRIP = NO;
				DEBUG_INFORMATION_FORMAT = dwarf;
				ENABLE_STRICT_OBJC_MSGSEND = YES;
				ENABLE_TESTABILITY = YES;
				GCC_C_LANGUAGE_STANDARD = gnu11;
				GCC_DYNAMIC_NO_PIC = NO;
				GCC_NO_COMMON_BLOCKS = YES;
				GCC_OPTIMIZATION_LEVEL = 0;
				GCC_PREPROCESSOR_DEFINITIONS = (
					"DEBUG=1",
					"$(inherited)",
				);
				GCC_WARN_64_TO_32_BIT_CONVERSION = YES;
				GCC_WARN_ABOUT_RETURN_TYPE = YES_ERROR;
				GCC_WARN_UNDECLARED_SELECTOR = YES;
				GCC_WARN_UNINITIALIZED_AUTOS = YES_AGGRESSIVE;
				GCC_WARN_UNUSED_FUNCTION = YES;
				GCC_WARN_UNUSED_VARIABLE = YES;
				IPHONEOS_DEPLOYMENT_TARGET = 16.4;
				MTL_ENABLE_DEBUG_INFO = INCLUDE_SOURCE;
				MTL_FAST_MATH = YES;
				ONLY_ACTIVE_ARCH = YES;
				SDKROOT = iphoneos;
				SWIFT_ACTIVE_COMPILATION_CONDITIONS = DEBUG;
				SWIFT_OPTIMIZATION_LEVEL = "-Onone";
			};
			name = Debug;
		};
		D129F0532ABAEF98001A3849 /* Release */ = {
			isa = XCBuildConfiguration;
			buildSettings = {
				ALWAYS_SEARCH_USER_PATHS = NO;
				CLANG_ANALYZER_NONNULL = YES;
				CLANG_ANALYZER_NUMBER_OBJECT_CONVERSION = YES_AGGRESSIVE;
				CLANG_CXX_LANGUAGE_STANDARD = "gnu++20";
				CLANG_ENABLE_MODULES = YES;
				CLANG_ENABLE_OBJC_ARC = YES;
				CLANG_ENABLE_OBJC_WEAK = YES;
				CLANG_WARN_BLOCK_CAPTURE_AUTORELEASING = YES;
				CLANG_WARN_BOOL_CONVERSION = YES;
				CLANG_WARN_COMMA = YES;
				CLANG_WARN_CONSTANT_CONVERSION = YES;
				CLANG_WARN_DEPRECATED_OBJC_IMPLEMENTATIONS = YES;
				CLANG_WARN_DIRECT_OBJC_ISA_USAGE = YES_ERROR;
				CLANG_WARN_DOCUMENTATION_COMMENTS = YES;
				CLANG_WARN_EMPTY_BODY = YES;
				CLANG_WARN_ENUM_CONVERSION = YES;
				CLANG_WARN_INFINITE_RECURSION = YES;
				CLANG_WARN_INT_CONVERSION = YES;
				CLANG_WARN_NON_LITERAL_NULL_CONVERSION = YES;
				CLANG_WARN_OBJC_IMPLICIT_RETAIN_SELF = YES;
				CLANG_WARN_OBJC_LITERAL_CONVERSION = YES;
				CLANG_WARN_OBJC_ROOT_CLASS = YES_ERROR;
				CLANG_WARN_QUOTED_INCLUDE_IN_FRAMEWORK_HEADER = YES;
				CLANG_WARN_RANGE_LOOP_ANALYSIS = YES;
				CLANG_WARN_STRICT_PROTOTYPES = YES;
				CLANG_WARN_SUSPICIOUS_MOVE = YES;
				CLANG_WARN_UNGUARDED_AVAILABILITY = YES_AGGRESSIVE;
				CLANG_WARN_UNREACHABLE_CODE = YES;
				CLANG_WARN__DUPLICATE_METHOD_MATCH = YES;
				COPY_PHASE_STRIP = NO;
				DEBUG_INFORMATION_FORMAT = "dwarf-with-dsym";
				ENABLE_NS_ASSERTIONS = NO;
				ENABLE_STRICT_OBJC_MSGSEND = YES;
				GCC_C_LANGUAGE_STANDARD = gnu11;
				GCC_NO_COMMON_BLOCKS = YES;
				GCC_WARN_64_TO_32_BIT_CONVERSION = YES;
				GCC_WARN_ABOUT_RETURN_TYPE = YES_ERROR;
				GCC_WARN_UNDECLARED_SELECTOR = YES;
				GCC_WARN_UNINITIALIZED_AUTOS = YES_AGGRESSIVE;
				GCC_WARN_UNUSED_FUNCTION = YES;
				GCC_WARN_UNUSED_VARIABLE = YES;
				IPHONEOS_DEPLOYMENT_TARGET = 16.4;
				MTL_ENABLE_DEBUG_INFO = NO;
				MTL_FAST_MATH = YES;
				SDKROOT = iphoneos;
				SWIFT_COMPILATION_MODE = wholemodule;
				SWIFT_OPTIMIZATION_LEVEL = "-O";
				VALIDATE_PRODUCT = YES;
			};
			name = Release;
		};
		D129F0552ABAEF98001A3849 /* Debug */ = {
			isa = XCBuildConfiguration;
			buildSettings = {
				ASSETCATALOG_COMPILER_APPICON_NAME = AppIcon;
				ASSETCATALOG_COMPILER_GLOBAL_ACCENT_COLOR_NAME = AccentColor;
				CODE_SIGN_STYLE = Automatic;
				CURRENT_PROJECT_VERSION = 1;
				DEVELOPMENT_TEAM = 6XZKA4BJLF;
				GENERATE_INFOPLIST_FILE = YES;
				INFOPLIST_FILE = Homework22/Resources/Info.plist;
				INFOPLIST_KEY_UIApplicationSupportsIndirectInputEvents = YES;
				INFOPLIST_KEY_UILaunchStoryboardName = LaunchScreen;
				INFOPLIST_KEY_UISupportedInterfaceOrientations_iPad = "UIInterfaceOrientationPortrait UIInterfaceOrientationPortraitUpsideDown UIInterfaceOrientationLandscapeLeft UIInterfaceOrientationLandscapeRight";
				INFOPLIST_KEY_UISupportedInterfaceOrientations_iPhone = "UIInterfaceOrientationPortrait UIInterfaceOrientationLandscapeLeft UIInterfaceOrientationLandscapeRight";
				IPHONEOS_DEPLOYMENT_TARGET = 15.0;
				LD_RUNPATH_SEARCH_PATHS = (
					"$(inherited)",
					"@executable_path/Frameworks",
				);
				MARKETING_VERSION = 1.0;
				PRODUCT_BUNDLE_IDENTIFIER = com.my.Homework22;
				PRODUCT_NAME = "$(TARGET_NAME)";
				SWIFT_EMIT_LOC_STRINGS = YES;
				SWIFT_VERSION = 5.0;
				TARGETED_DEVICE_FAMILY = "1,2";
			};
			name = Debug;
		};
		D129F0562ABAEF98001A3849 /* Release */ = {
			isa = XCBuildConfiguration;
			buildSettings = {
				ASSETCATALOG_COMPILER_APPICON_NAME = AppIcon;
				ASSETCATALOG_COMPILER_GLOBAL_ACCENT_COLOR_NAME = AccentColor;
				CODE_SIGN_STYLE = Automatic;
				CURRENT_PROJECT_VERSION = 1;
				DEVELOPMENT_TEAM = 6XZKA4BJLF;
				GENERATE_INFOPLIST_FILE = YES;
				INFOPLIST_FILE = Homework22/Resources/Info.plist;
				INFOPLIST_KEY_UIApplicationSupportsIndirectInputEvents = YES;
				INFOPLIST_KEY_UILaunchStoryboardName = LaunchScreen;
				INFOPLIST_KEY_UISupportedInterfaceOrientations_iPad = "UIInterfaceOrientationPortrait UIInterfaceOrientationPortraitUpsideDown UIInterfaceOrientationLandscapeLeft UIInterfaceOrientationLandscapeRight";
				INFOPLIST_KEY_UISupportedInterfaceOrientations_iPhone = "UIInterfaceOrientationPortrait UIInterfaceOrientationLandscapeLeft UIInterfaceOrientationLandscapeRight";
				IPHONEOS_DEPLOYMENT_TARGET = 15.0;
				LD_RUNPATH_SEARCH_PATHS = (
					"$(inherited)",
					"@executable_path/Frameworks",
				);
				MARKETING_VERSION = 1.0;
				PRODUCT_BUNDLE_IDENTIFIER = com.my.Homework22;
				PRODUCT_NAME = "$(TARGET_NAME)";
				SWIFT_EMIT_LOC_STRINGS = YES;
				SWIFT_VERSION = 5.0;
				TARGETED_DEVICE_FAMILY = "1,2";
			};
			name = Release;
		};
/* End XCBuildConfiguration section */

/* Begin XCConfigurationList section */
		D129F0382ABAEF97001A3849 /* Build configuration list for PBXProject "Homework22" */ = {
			isa = XCConfigurationList;
			buildConfigurations = (
				D129F0522ABAEF98001A3849 /* Debug */,
				D129F0532ABAEF98001A3849 /* Release */,
			);
			defaultConfigurationIsVisible = 0;
			defaultConfigurationName = Release;
		};
		D129F0542ABAEF98001A3849 /* Build configuration list for PBXNativeTarget "Homework22" */ = {
			isa = XCConfigurationList;
			buildConfigurations = (
				D129F0552ABAEF98001A3849 /* Debug */,
				D129F0562ABAEF98001A3849 /* Release */,
			);
			defaultConfigurationIsVisible = 0;
			defaultConfigurationName = Release;
		};
/* End XCConfigurationList section */

/* Begin XCVersionGroup section */
		D129F0492ABAEF97001A3849 /* Homework22.xcdatamodeld */ = {
			isa = XCVersionGroup;
			children = (
				D129F04A2ABAEF97001A3849 /* Homework22.xcdatamodel */,
			);
			currentVersion = D129F04A2ABAEF97001A3849 /* Homework22.xcdatamodel */;
			path = Homework22.xcdatamodeld;
			sourceTree = "<group>";
			versionGroupType = wrapper.xcdatamodel;
		};
/* End XCVersionGroup section */
	};
	rootObject = D129F0352ABAEF97001A3849 /* Project object */;
}
